{
  "name": "kevingustavson.info",
  "version": "1.0.0",
  "lockfileVersion": 3,
  "requires": true,
  "packages": {
    "": {
      "name": "kevingustavson.info",
      "version": "1.0.0",
      "license": "ISC",
      "dependencies": {
        "baguettebox.js": "^1.11.0"
      }
    },
    "node_modules/baguettebox.js": {
      "version": "1.11.0",
      "resolved": "https://registry.npmjs.org/baguettebox.js/-/baguettebox.js-1.11.0.tgz",
      "integrity": "sha512-4IEXDE2Yje3o8nOdGoonxOfpiveXfF6YV4ggV04ky/pMquH/cKM1Tv7LeD3QPH6RK72V6c+oRFFLnrMc4xO5Cg=="
    }
  }
}
